
Microsoft Visual Studio Solution File, Format Version 12.00
# Visual Studio Version 16
VisualStudioVersion = 16.0.30523.141
MinimumVisualStudioVersion = 10.0.40219.1
Project("{9A19103F-16F7-4668-BE54-9A1E7A4F7556}") = "CreateVisualtable", "CreateVisualtable\CreateVisualtable.csproj", "{403B8536-034C-48F5-9B83-F94EB3B7030F}"
EndProject
Project("{9A19103F-16F7-4668-BE54-9A1E7A4F7556}") = "DataAccess", "DataAccess\DataAccess.csproj", "{452FF7B1-2262-48D6-9A53-EA18EC684F50}"
EndProject
Project("{9A19103F-16F7-4668-BE54-9A1E7A4F7556}") = "Repository", "Repository\Repository.csproj", "{8C10A5E7-4966-44FA-A947-CDC38E49D87D}"
EndProject
Project("{9A19103F-16F7-4668-BE54-9A1E7A4F7556}") = "Service", "Service\Service.csproj", "{EA7EFF15-B9BF-4E01-B4A0-07AA8699FE2A}"
EndProject
Project("{9A19103F-16F7-4668-BE54-9A1E7A4F7556}") = "Validation", "Validation\Validation.csproj", "{D617FBD2-E65A-443B-9FA8-15378091FC98}"
EndProject
Project("{FAE04EC0-301F-11D3-BF4B-00C04F79EFBC}") = "DTO", "DTO\DTO.csproj", "{08D1B00F-BBF8-4BA5-A5B8-298D54EA76CD}"
EndProject
Global
	GlobalSection(SolutionConfigurationPlatforms) = preSolution
		Debug|Any CPU = Debug|Any CPU
		Release|Any CPU = Release|Any CPU
	EndGlobalSection
	GlobalSection(ProjectConfigurationPlatforms) = postSolution
		{403B8536-034C-48F5-9B83-F94EB3B7030F}.Debug|Any CPU.ActiveCfg = Debug|Any CPU
		{403B8536-034C-48F5-9B83-F94EB3B7030F}.Debug|Any CPU.Build.0 = Debug|Any CPU
		{403B8536-034C-48F5-9B83-F94EB3B7030F}.Release|Any CPU.ActiveCfg = Release|Any CPU
		{403B8536-034C-48F5-9B83-F94EB3B7030F}.Release|Any CPU.Build.0 = Release|Any CPU
		{452FF7B1-2262-48D6-9A53-EA18EC684F50}.Debug|Any CPU.ActiveCfg = Debug|Any CPU
		{452FF7B1-2262-48D6-9A53-EA18EC684F50}.Debug|Any CPU.Build.0 = Debug|Any CPU
		{452FF7B1-2262-48D6-9A53-EA18EC684F50}.Release|Any CPU.ActiveCfg = Release|Any CPU
		{452FF7B1-2262-48D6-9A53-EA18EC684F50}.Release|Any CPU.Build.0 = Release|Any CPU
		{8C10A5E7-4966-44FA-A947-CDC38E49D87D}.Debug|Any CPU.ActiveCfg = Debug|Any CPU
		{8C10A5E7-4966-44FA-A947-CDC38E49D87D}.Debug|Any CPU.Build.0 = Debug|Any CPU
		{8C10A5E7-4966-44FA-A947-CDC38E49D87D}.Release|Any CPU.ActiveCfg = Release|Any CPU
		{8C10A5E7-4966-44FA-A947-CDC38E49D87D}.Release|Any CPU.Build.0 = Release|Any CPU
		{EA7EFF15-B9BF-4E01-B4A0-07AA8699FE2A}.Debug|Any CPU.ActiveCfg = Debug|Any CPU
		{EA7EFF15-B9BF-4E01-B4A0-07AA8699FE2A}.Debug|Any CPU.Build.0 = Debug|Any CPU
		{EA7EFF15-B9BF-4E01-B4A0-07AA8699FE2A}.Release|Any CPU.ActiveCfg = Release|Any CPU
		{EA7EFF15-B9BF-4E01-B4A0-07AA8699FE2A}.Release|Any CPU.Build.0 = Release|Any CPU
		{D617FBD2-E65A-443B-9FA8-15378091FC98}.Debug|Any CPU.ActiveCfg = Debug|Any CPU
		{D617FBD2-E65A-443B-9FA8-15378091FC98}.Debug|Any CPU.Build.0 = Debug|Any CPU
		{D617FBD2-E65A-443B-9FA8-15378091FC98}.Release|Any CPU.ActiveCfg = Release|Any CPU
		{D617FBD2-E65A-443B-9FA8-15378091FC98}.Release|Any CPU.Build.0 = Release|Any CPU
		{08D1B00F-BBF8-4BA5-A5B8-298D54EA76CD}.Debug|Any CPU.ActiveCfg = Debug|Any CPU
		{08D1B00F-BBF8-4BA5-A5B8-298D54EA76CD}.Debug|Any CPU.Build.0 = Debug|Any CPU
		{08D1B00F-BBF8-4BA5-A5B8-298D54EA76CD}.Release|Any CPU.ActiveCfg = Release|Any CPU
		{08D1B00F-BBF8-4BA5-A5B8-298D54EA76CD}.Release|Any CPU.Build.0 = Release|Any CPU
	EndGlobalSection
	GlobalSection(SolutionProperties) = preSolution
		HideSolutionNode = FALSE
	EndGlobalSection
	GlobalSection(ExtensibilityGlobals) = postSolution
		SolutionGuid = {5E5394F9-29E2-4C6C-976C-364F8CBE71D5}
	EndGlobalSection
EndGlobal
